
Microsoft Visual Studio Solution File, Format Version 12.00
# Visual Studio Version 16
VisualStudioVersion = 16.0.31019.35
MinimumVisualStudioVersion = 10.0.40219.1
Project("{FAE04EC0-301F-11D3-BF4B-00C04F79EFBC}") = "SocialMedia.Api", "SocialMedia.Api\SocialMedia.Api.csproj", "{71616CEB-B608-4CB9-A4FE-59793D45625E}"
EndProject
Project("{FAE04EC0-301F-11D3-BF4B-00C04F79EFBC}") = "SocialMedia.Core", "SocialMedia.Core\SocialMedia.Core.csproj", "{E0A2777A-CC70-474A-9F60-251A16022364}"
EndProject
Project("{FAE04EC0-301F-11D3-BF4B-00C04F79EFBC}") = "SocialMedia.Infrastructure", "SocialMedia.Infrastructure\SocialMedia.Infrastructure.csproj", "{BACB4C83-43B0-4C2A-AC31-8324B847CDE2}"
EndProject
Project("{2150E333-8FDC-42A3-9474-1A3956D46DE8}") = "Test", "Test", "{D787ADB3-FCC2-41AC-9D41-74133B63556D}"
EndProject
Project("{FAE04EC0-301F-11D3-BF4B-00C04F79EFBC}") = "SocialMedia.UnitTest", "SocialMedia.UnitTest\SocialMedia.UnitTest.csproj", "{F7BAA70B-892C-48E0-962D-918AEC0E08FF}"
EndProject
Project("{FAE04EC0-301F-11D3-BF4B-00C04F79EFBC}") = "SocialMedia.IntegrationTest", "SocialMedia.IntegrationTest\SocialMedia.IntegrationTest.csproj", "{45E60783-A0A5-4C37-BFF3-1B045458B251}"
EndProject
Global
	GlobalSection(SolutionConfigurationPlatforms) = preSolution
		Debug|Any CPU = Debug|Any CPU
		Release|Any CPU = Release|Any CPU
	EndGlobalSection
	GlobalSection(ProjectConfigurationPlatforms) = postSolution
		{71616CEB-B608-4CB9-A4FE-59793D45625E}.Debug|Any CPU.ActiveCfg = Debug|Any CPU
		{71616CEB-B608-4CB9-A4FE-59793D45625E}.Debug|Any CPU.Build.0 = Debug|Any CPU
		{71616CEB-B608-4CB9-A4FE-59793D45625E}.Release|Any CPU.ActiveCfg = Release|Any CPU
		{71616CEB-B608-4CB9-A4FE-59793D45625E}.Release|Any CPU.Build.0 = Release|Any CPU
		{E0A2777A-CC70-474A-9F60-251A16022364}.Debug|Any CPU.ActiveCfg = Debug|Any CPU
		{E0A2777A-CC70-474A-9F60-251A16022364}.Debug|Any CPU.Build.0 = Debug|Any CPU
		{E0A2777A-CC70-474A-9F60-251A16022364}.Release|Any CPU.ActiveCfg = Release|Any CPU
		{E0A2777A-CC70-474A-9F60-251A16022364}.Release|Any CPU.Build.0 = Release|Any CPU
		{BACB4C83-43B0-4C2A-AC31-8324B847CDE2}.Debug|Any CPU.ActiveCfg = Debug|Any CPU
		{BACB4C83-43B0-4C2A-AC31-8324B847CDE2}.Debug|Any CPU.Build.0 = Debug|Any CPU
		{BACB4C83-43B0-4C2A-AC31-8324B847CDE2}.Release|Any CPU.ActiveCfg = Release|Any CPU
		{BACB4C83-43B0-4C2A-AC31-8324B847CDE2}.Release|Any CPU.Build.0 = Release|Any CPU
		{F7BAA70B-892C-48E0-962D-918AEC0E08FF}.Debug|Any CPU.ActiveCfg = Debug|Any CPU
		{F7BAA70B-892C-48E0-962D-918AEC0E08FF}.Debug|Any CPU.Build.0 = Debug|Any CPU
		{F7BAA70B-892C-48E0-962D-918AEC0E08FF}.Release|Any CPU.ActiveCfg = Release|Any CPU
		{F7BAA70B-892C-48E0-962D-918AEC0E08FF}.Release|Any CPU.Build.0 = Release|Any CPU
		{45E60783-A0A5-4C37-BFF3-1B045458B251}.Debug|Any CPU.ActiveCfg = Debug|Any CPU
		{45E60783-A0A5-4C37-BFF3-1B045458B251}.Debug|Any CPU.Build.0 = Debug|Any CPU
		{45E60783-A0A5-4C37-BFF3-1B045458B251}.Release|Any CPU.ActiveCfg = Release|Any CPU
		{45E60783-A0A5-4C37-BFF3-1B045458B251}.Release|Any CPU.Build.0 = Release|Any CPU
	EndGlobalSection
	GlobalSection(SolutionProperties) = preSolution
		HideSolutionNode = FALSE
	EndGlobalSection
	GlobalSection(NestedProjects) = preSolution
		{F7BAA70B-892C-48E0-962D-918AEC0E08FF} = {D787ADB3-FCC2-41AC-9D41-74133B63556D}
		{45E60783-A0A5-4C37-BFF3-1B045458B251} = {D787ADB3-FCC2-41AC-9D41-74133B63556D}
	EndGlobalSection
	GlobalSection(ExtensibilityGlobals) = postSolution
		SolutionGuid = {55F45524-9D87-4214-A544-AE1DC5D09830}
	EndGlobalSection
EndGlobal
